// !$*UTF8*$!
{
	archiveVersion = 1;
	classes = {
	};
	objectVersion = 46;
	objects = {

/* Begin PBXBuildFile section */
		032B87B520D46BCF000200B7 /* README.md in Resources */ = {isa = PBXBuildFile; fileRef = 032B87B420D46BCE000200B7 /* README.md */; };
		0337168E20D92B5500855E20 /* MachOBrowserTests.m in Sources */ = {isa = PBXBuildFile; fileRef = 0337168D20D92B5500855E20 /* MachOBrowserTests.m */; };
		1DDD582D0DA1D0D100B32029 /* MainMenu.xib in Resources */ = {isa = PBXBuildFile; fileRef = 1DDD582A0DA1D0D100B32029 /* MainMenu.xib */; };
		63232CBE109D0C850011A93E /* SymbolTableView.xib in Resources */ = {isa = PBXBuildFile; fileRef = 63232CBD109D0C850011A93E /* SymbolTableView.xib */; };
		63232CC1109D0CBA0011A93E /* SymbolTableViewController.m in Sources */ = {isa = PBXBuildFile; fileRef = 63232CC0109D0CBA0011A93E /* SymbolTableViewController.m */; };
		63232CCF109D112A0011A93E /* SegmentLoadCommand.m in Sources */ = {isa = PBXBuildFile; fileRef = 63232CCE109D112A0011A93E /* SegmentLoadCommand.m */; };
		63232CF2109D13DD0011A93E /* Section.m in Sources */ = {isa = PBXBuildFile; fileRef = 63232CF1109D13DD0011A93E /* Section.m */; };
		6338E04B18066C47005A3263 /* HexDumpViewController.m in Sources */ = {isa = PBXBuildFile; fileRef = 6338E04918066C47005A3263 /* HexDumpViewController.m */; };
		6338E04C18066C47005A3263 /* HexDumpView.xib in Resources */ = {isa = PBXBuildFile; fileRef = 6338E04A18066C47005A3263 /* HexDumpView.xib */; };
		6356E2F610B63BE600D45B60 /* gear.icns in Resources */ = {isa = PBXBuildFile; fileRef = 6356E2F510B63BE600D45B60 /* gear.icns */; };
		636E5DDB10A27A130061B1E7 /* SegmentView.xib in Resources */ = {isa = PBXBuildFile; fileRef = 636E5DD910A27A130061B1E7 /* SegmentView.xib */; };
		636E5E6310A2AEE30061B1E7 /* HexFormatter.m in Sources */ = {isa = PBXBuildFile; fileRef = 636E5E6210A2AEE30061B1E7 /* HexFormatter.m */; };
		636E5E7C10A2B0280061B1E7 /* SegmentViewController.m in Sources */ = {isa = PBXBuildFile; fileRef = 636E5E7B10A2B0280061B1E7 /* SegmentViewController.m */; };
		636E5F0810A2E1670061B1E7 /* AlignmentFormatter.m in Sources */ = {isa = PBXBuildFile; fileRef = 636E5F0710A2E1670061B1E7 /* AlignmentFormatter.m */; };
		636E5F6E10A3AE9C0061B1E7 /* SymbolTableLoadCommand.m in Sources */ = {isa = PBXBuildFile; fileRef = 636E5F6D10A3AE9C0061B1E7 /* SymbolTableLoadCommand.m */; };
		636E5FCD10A3CDD00061B1E7 /* Symbol.m in Sources */ = {isa = PBXBuildFile; fileRef = 636E5FCC10A3CDD00061B1E7 /* Symbol.m */; };
		636EB3F110B39E4C00D014A0 /* Mach-O Browser Help in Resources */ = {isa = PBXBuildFile; fileRef = 636EB3E610B39E4C00D014A0 /* Mach-O Browser Help */; };
		638A4BA2109AC16B00DE619A /* SimpleListView.xib in Resources */ = {isa = PBXBuildFile; fileRef = 638A4BA1109AC16B00DE619A /* SimpleListView.xib */; };
		63E8C87710990BDA001EA96D /* MachOWindow.xib in Resources */ = {isa = PBXBuildFile; fileRef = 63E8C87510990BDA001EA96D /* MachOWindow.xib */; };
		63E8C87C10990CD7001EA96D /* MachOWindowController.m in Sources */ = {isa = PBXBuildFile; fileRef = 63E8C87B10990CD7001EA96D /* MachOWindowController.m */; };
		63E8C8F6109911BB001EA96D /* MachObject.m in Sources */ = {isa = PBXBuildFile; fileRef = 63E8C8F5109911BB001EA96D /* MachObject.m */; };
		63E8CA3D109993B1001EA96D /* LoadCommand.m in Sources */ = {isa = PBXBuildFile; fileRef = 63E8CA3C109993B1001EA96D /* LoadCommand.m */; };
		63F09E0710F0540800445353 /* ErrorColorValueTransformer.m in Sources */ = {isa = PBXBuildFile; fileRef = 63F09E0610F0540800445353 /* ErrorColorValueTransformer.m */; };
		8D15AC2F0486D014006FF6A4 /* InfoPlist.strings in Resources */ = {isa = PBXBuildFile; fileRef = 089C165FFE840EACC02AAC07 /* InfoPlist.strings */; };
		8D15AC310486D014006FF6A4 /* MachODocument.m in Sources */ = {isa = PBXBuildFile; fileRef = 2A37F4ACFDCFA73011CA2CEA /* MachODocument.m */; settings = {ATTRIBUTES = (); }; };
		8D15AC320486D014006FF6A4 /* main.m in Sources */ = {isa = PBXBuildFile; fileRef = 2A37F4B0FDCFA73011CA2CEA /* main.m */; settings = {ATTRIBUTES = (); }; };
		8D15AC340486D014006FF6A4 /* Cocoa.framework in Frameworks */ = {isa = PBXBuildFile; fileRef = 1058C7A7FEA54F5311CA2CBB /* Cocoa.framework */; };
/* End PBXBuildFile section */

/* Begin PBXContainerItemProxy section */
		0337169020D92B5500855E20 /* PBXContainerItemProxy */ = {
			isa = PBXContainerItemProxy;
			containerPortal = 2A37F4A9FDCFA73011CA2CEA /* Project object */;
			proxyType = 1;
			remoteGlobalIDString = 8D15AC270486D014006FF6A4;
			remoteInfo = "Mach-O Browser";
		};
/* End PBXContainerItemProxy section */

/* Begin PBXFileReference section */
		032B87B420D46BCE000200B7 /* README.md */ = {isa = PBXFileReference; fileEncoding = 4; lastKnownFileType = net.daringfireball.markdown; path = README.md; sourceTree = "<group>"; };
		0337168B20D92B5500855E20 /* MachOBrowserTests.xctest */ = {isa = PBXFileReference; explicitFileType = wrapper.cfbundle; includeInIndex = 0; path = MachOBrowserTests.xctest; sourceTree = BUILT_PRODUCTS_DIR; };
		0337168D20D92B5500855E20 /* MachOBrowserTests.m */ = {isa = PBXFileReference; lastKnownFileType = sourcecode.c.objc; path = MachOBrowserTests.m; sourceTree = "<group>"; };
		0337168F20D92B5500855E20 /* Info.plist */ = {isa = PBXFileReference; lastKnownFileType = text.plist.xml; path = Info.plist; sourceTree = "<group>"; };
		03AD9EC722E1A36C0081F342 /* en */ = {isa = PBXFileReference; lastKnownFileType = text.plist.strings; name = en; path = en.lproj/InfoPlist.strings; sourceTree = "<group>"; };
		03AD9EC822E1A36D0081F342 /* en */ = {isa = PBXFileReference; lastKnownFileType = folder; name = en; path = "en.lproj/Mach-O Browser Help"; sourceTree = "<group>"; };
		03AD9ECE22E1A3760081F342 /* Base */ = {isa = PBXFileReference; lastKnownFileType = file.xib; name = Base; path = Base.lproj/SegmentView.xib; sourceTree = "<group>"; };
		03AD9ECF22E1A3760081F342 /* Base */ = {isa = PBXFileReference; lastKnownFileType = file.xib; name = Base; path = Base.lproj/MachOWindow.xib; sourceTree = "<group>"; };
		03AD9ED022E1A3760081F342 /* Base */ = {isa = PBXFileReference; lastKnownFileType = file.xib; name = Base; path = Base.lproj/MainMenu.xib; sourceTree = "<group>"; };
		03AD9ED122E1A3760081F342 /* Base */ = {isa = PBXFileReference; lastKnownFileType = file.xib; name = Base; path = Base.lproj/SimpleListView.xib; sourceTree = "<group>"; };
		03AD9ED222E1A3760081F342 /* Base */ = {isa = PBXFileReference; lastKnownFileType = file.xib; name = Base; path = Base.lproj/SymbolTableView.xib; sourceTree = "<group>"; };
		1058C7A7FEA54F5311CA2CBB /* Cocoa.framework */ = {isa = PBXFileReference; lastKnownFileType = wrapper.framework; name = Cocoa.framework; path = /System/Library/Frameworks/Cocoa.framework; sourceTree = "<absolute>"; };
		2564AD2C0F5327BB00F57823 /* Mach_O_Browser_Prefix.pch */ = {isa = PBXFileReference; fileEncoding = 4; lastKnownFileType = sourcecode.c.h; path = Mach_O_Browser_Prefix.pch; sourceTree = "<group>"; };
		2A37F4ACFDCFA73011CA2CEA /* MachODocument.m */ = {isa = PBXFileReference; fileEncoding = 4; lastKnownFileType = sourcecode.c.objc; path = MachODocument.m; sourceTree = "<group>"; };
		2A37F4AEFDCFA73011CA2CEA /* MachODocument.h */ = {isa = PBXFileReference; fileEncoding = 4; lastKnownFileType = sourcecode.c.h; path = MachODocument.h; sourceTree = "<group>"; };
		2A37F4B0FDCFA73011CA2CEA /* main.m */ = {isa = PBXFileReference; fileEncoding = 4; lastKnownFileType = sourcecode.c.objc; path = main.m; sourceTree = "<group>"; };
		63232CBF109D0CBA0011A93E /* SymbolTableViewController.h */ = {isa = PBXFileReference; fileEncoding = 4; lastKnownFileType = sourcecode.c.h; path = SymbolTableViewController.h; sourceTree = "<group>"; };
		63232CC0109D0CBA0011A93E /* SymbolTableViewController.m */ = {isa = PBXFileReference; fileEncoding = 4; lastKnownFileType = sourcecode.c.objc; path = SymbolTableViewController.m; sourceTree = "<group>"; };
		63232CCD109D112A0011A93E /* SegmentLoadCommand.h */ = {isa = PBXFileReference; fileEncoding = 4; lastKnownFileType = sourcecode.c.h; path = SegmentLoadCommand.h; sourceTree = "<group>"; };
		63232CCE109D112A0011A93E /* SegmentLoadCommand.m */ = {isa = PBXFileReference; fileEncoding = 4; lastKnownFileType = sourcecode.c.objc; path = SegmentLoadCommand.m; sourceTree = "<group>"; };
		63232CF0109D13DD0011A93E /* Section.h */ = {isa = PBXFileReference; fileEncoding = 4; lastKnownFileType = sourcecode.c.h; path = Section.h; sourceTree = "<group>"; };
		63232CF1109D13DD0011A93E /* Section.m */ = {isa = PBXFileReference; fileEncoding = 4; lastKnownFileType = sourcecode.c.objc; path = Section.m; sourceTree = "<group>"; };
		6338E04818066C47005A3263 /* HexDumpViewController.h */ = {isa = PBXFileReference; fileEncoding = 4; lastKnownFileType = sourcecode.c.h; path = HexDumpViewController.h; sourceTree = "<group>"; };
		6338E04918066C47005A3263 /* HexDumpViewController.m */ = {isa = PBXFileReference; fileEncoding = 4; lastKnownFileType = sourcecode.c.objc; path = HexDumpViewController.m; sourceTree = "<group>"; };
		6338E04A18066C47005A3263 /* HexDumpView.xib */ = {isa = PBXFileReference; fileEncoding = 4; lastKnownFileType = file.xib; path = HexDumpView.xib; sourceTree = "<group>"; };
		6356E2F510B63BE600D45B60 /* gear.icns */ = {isa = PBXFileReference; lastKnownFileType = image.icns; path = gear.icns; sourceTree = "<group>"; };
		636E5E6110A2AEE30061B1E7 /* HexFormatter.h */ = {isa = PBXFileReference; fileEncoding = 4; lastKnownFileType = sourcecode.c.h; path = HexFormatter.h; sourceTree = "<group>"; };
		636E5E6210A2AEE30061B1E7 /* HexFormatter.m */ = {isa = PBXFileReference; fileEncoding = 4; lastKnownFileType = sourcecode.c.objc; path = HexFormatter.m; sourceTree = "<group>"; };
		636E5E7A10A2B0280061B1E7 /* SegmentViewController.h */ = {isa = PBXFileReference; fileEncoding = 4; lastKnownFileType = sourcecode.c.h; path = SegmentViewController.h; sourceTree = "<group>"; };
		636E5E7B10A2B0280061B1E7 /* SegmentViewController.m */ = {isa = PBXFileReference; fileEncoding = 4; lastKnownFileType = sourcecode.c.objc; path = SegmentViewController.m; sourceTree = "<group>"; };
		636E5F0610A2E1670061B1E7 /* AlignmentFormatter.h */ = {isa = PBXFileReference; fileEncoding = 4; lastKnownFileType = sourcecode.c.h; path = AlignmentFormatter.h; sourceTree = "<group>"; };
		636E5F0710A2E1670061B1E7 /* AlignmentFormatter.m */ = {isa = PBXFileReference; fileEncoding = 4; lastKnownFileType = sourcecode.c.objc; path = AlignmentFormatter.m; sourceTree = "<group>"; };
		636E5F6C10A3AE9C0061B1E7 /* SymbolTableLoadCommand.h */ = {isa = PBXFileReference; fileEncoding = 4; lastKnownFileType = sourcecode.c.h; path = SymbolTableLoadCommand.h; sourceTree = "<group>"; };
		636E5F6D10A3AE9C0061B1E7 /* SymbolTableLoadCommand.m */ = {isa = PBXFileReference; fileEncoding = 4; lastKnownFileType = sourcecode.c.objc; path = SymbolTableLoadCommand.m; sourceTree = "<group>"; };
		636E5FCB10A3CDD00061B1E7 /* Symbol.h */ = {isa = PBXFileReference; fileEncoding = 4; lastKnownFileType = sourcecode.c.h; path = Symbol.h; sourceTree = "<group>"; };
		636E5FCC10A3CDD00061B1E7 /* Symbol.m */ = {isa = PBXFileReference; fileEncoding = 4; lastKnownFileType = sourcecode.c.objc; path = Symbol.m; sourceTree = "<group>"; };
		63E8C87A10990CD7001EA96D /* MachOWindowController.h */ = {isa = PBXFileReference; fileEncoding = 4; lastKnownFileType = sourcecode.c.h; path = MachOWindowController.h; sourceTree = "<group>"; };
		63E8C87B10990CD7001EA96D /* MachOWindowController.m */ = {isa = PBXFileReference; fileEncoding = 4; lastKnownFileType = sourcecode.c.objc; path = MachOWindowController.m; sourceTree = "<group>"; };
		63E8C8F4109911BB001EA96D /* MachObject.h */ = {isa = PBXFileReference; fileEncoding = 4; lastKnownFileType = sourcecode.c.h; path = MachObject.h; sourceTree = "<group>"; };
		63E8C8F5109911BB001EA96D /* MachObject.m */ = {isa = PBXFileReference; fileEncoding = 4; lastKnownFileType = sourcecode.c.objc; path = MachObject.m; sourceTree = "<group>"; };
		63E8CA3B109993B1001EA96D /* LoadCommand.h */ = {isa = PBXFileReference; fileEncoding = 4; lastKnownFileType = sourcecode.c.h; path = LoadCommand.h; sourceTree = "<group>"; };
		63E8CA3C109993B1001EA96D /* LoadCommand.m */ = {isa = PBXFileReference; fileEncoding = 4; lastKnownFileType = sourcecode.c.objc; path = LoadCommand.m; sourceTree = "<group>"; };
		63F09E0510F0540800445353 /* ErrorColorValueTransformer.h */ = {isa = PBXFileReference; fileEncoding = 4; lastKnownFileType = sourcecode.c.h; path = ErrorColorValueTransformer.h; sourceTree = "<group>"; };
		63F09E0610F0540800445353 /* ErrorColorValueTransformer.m */ = {isa = PBXFileReference; fileEncoding = 4; lastKnownFileType = sourcecode.c.objc; path = ErrorColorValueTransformer.m; sourceTree = "<group>"; };
		8D15AC360486D014006FF6A4 /* Mach_O_Browser-Info.plist */ = {isa = PBXFileReference; fileEncoding = 4; lastKnownFileType = text.plist.xml; path = "Mach_O_Browser-Info.plist"; sourceTree = "<group>"; };
		8D15AC370486D014006FF6A4 /* Mach-O Browser.app */ = {isa = PBXFileReference; explicitFileType = wrapper.application; includeInIndex = 0; path = "Mach-O Browser.app"; sourceTree = BUILT_PRODUCTS_DIR; };
/* End PBXFileReference section */

/* Begin PBXFrameworksBuildPhase section */
		0337168820D92B5500855E20 /* Frameworks */ = {
			isa = PBXFrameworksBuildPhase;
			buildActionMask = 2147483647;
			files = (
			);
			runOnlyForDeploymentPostprocessing = 0;
		};
		8D15AC330486D014006FF6A4 /* Frameworks */ = {
			isa = PBXFrameworksBuildPhase;
			buildActionMask = 2147483647;
			files = (
				8D15AC340486D014006FF6A4 /* Cocoa.framework in Frameworks */,
			);
			runOnlyForDeploymentPostprocessing = 0;
		};
/* End PBXFrameworksBuildPhase section */

/* Begin PBXGroup section */
		032B87AF20D43C8E000200B7 /* MachOBrowser */ = {
			isa = PBXGroup;
			children = (
				032B87B020D44285000200B7 /* Resources */,
				2A37F4AEFDCFA73011CA2CEA /* MachODocument.h */,
				2A37F4ACFDCFA73011CA2CEA /* MachODocument.m */,
				63E8C87A10990CD7001EA96D /* MachOWindowController.h */,
				63E8C87B10990CD7001EA96D /* MachOWindowController.m */,
				63E8C8F4109911BB001EA96D /* MachObject.h */,
				63E8C8F5109911BB001EA96D /* MachObject.m */,
				63E8CA3B109993B1001EA96D /* LoadCommand.h */,
				63E8CA3C109993B1001EA96D /* LoadCommand.m */,
				63232CBF109D0CBA0011A93E /* SymbolTableViewController.h */,
				63232CC0109D0CBA0011A93E /* SymbolTableViewController.m */,
				63232CCD109D112A0011A93E /* SegmentLoadCommand.h */,
				63232CCE109D112A0011A93E /* SegmentLoadCommand.m */,
				63232CF0109D13DD0011A93E /* Section.h */,
				63232CF1109D13DD0011A93E /* Section.m */,
				636E5E6110A2AEE30061B1E7 /* HexFormatter.h */,
				636E5E6210A2AEE30061B1E7 /* HexFormatter.m */,
				636E5E7A10A2B0280061B1E7 /* SegmentViewController.h */,
				636E5E7B10A2B0280061B1E7 /* SegmentViewController.m */,
				636E5F0610A2E1670061B1E7 /* AlignmentFormatter.h */,
				636E5F0710A2E1670061B1E7 /* AlignmentFormatter.m */,
				636E5F6C10A3AE9C0061B1E7 /* SymbolTableLoadCommand.h */,
				636E5F6D10A3AE9C0061B1E7 /* SymbolTableLoadCommand.m */,
				636E5FCB10A3CDD00061B1E7 /* Symbol.h */,
				636E5FCC10A3CDD00061B1E7 /* Symbol.m */,
				63F09E0510F0540800445353 /* ErrorColorValueTransformer.h */,
				63F09E0610F0540800445353 /* ErrorColorValueTransformer.m */,
				6338E04818066C47005A3263 /* HexDumpViewController.h */,
				6338E04918066C47005A3263 /* HexDumpViewController.m */,
				2564AD2C0F5327BB00F57823 /* Mach_O_Browser_Prefix.pch */,
				2A37F4B0FDCFA73011CA2CEA /* main.m */,
			);
			path = MachOBrowser;
			sourceTree = "<group>";
		};
		032B87B020D44285000200B7 /* Resources */ = {
			isa = PBXGroup;
			children = (
				6356E2F510B63BE600D45B60 /* gear.icns */,
				8D15AC360486D014006FF6A4 /* Mach_O_Browser-Info.plist */,
				6338E04A18066C47005A3263 /* HexDumpView.xib */,
				636EB3E610B39E4C00D014A0 /* Mach-O Browser Help */,
				636E5DD910A27A130061B1E7 /* SegmentView.xib */,
				63E8C87510990BDA001EA96D /* MachOWindow.xib */,
				089C165FFE840EACC02AAC07 /* InfoPlist.strings */,
				1DDD582A0DA1D0D100B32029 /* MainMenu.xib */,
				638A4BA1109AC16B00DE619A /* SimpleListView.xib */,
				63232CBD109D0C850011A93E /* SymbolTableView.xib */,
			);
			name = Resources;
			sourceTree = "<group>";
		};
		0337168C20D92B5500855E20 /* MachOBrowserTests */ = {
			isa = PBXGroup;
			children = (
				0337168D20D92B5500855E20 /* MachOBrowserTests.m */,
				0337168F20D92B5500855E20 /* Info.plist */,
			);
			path = MachOBrowserTests;
			sourceTree = "<group>";
		};
		19C28FB0FE9D524F11CA2CBB /* Products */ = {
			isa = PBXGroup;
			children = (
				8D15AC370486D014006FF6A4 /* Mach-O Browser.app */,
				0337168B20D92B5500855E20 /* MachOBrowserTests.xctest */,
			);
			name = Products;
			sourceTree = "<group>";
		};
		2A37F4AAFDCFA73011CA2CEA /* Mach-O Browser */ = {
			isa = PBXGroup;
			children = (
				032B87B420D46BCE000200B7 /* README.md */,
				032B87AF20D43C8E000200B7 /* MachOBrowser */,
				0337168C20D92B5500855E20 /* MachOBrowserTests */,
				2A37F4C3FDCFA73011CA2CEA /* Frameworks */,
				19C28FB0FE9D524F11CA2CBB /* Products */,
			);
			indentWidth = 4;
			name = "Mach-O Browser";
			sourceTree = "<group>";
			tabWidth = 4;
		};
		2A37F4C3FDCFA73011CA2CEA /* Frameworks */ = {
			isa = PBXGroup;
			children = (
				1058C7A7FEA54F5311CA2CBB /* Cocoa.framework */,
			);
			name = Frameworks;
			sourceTree = "<group>";
		};
/* End PBXGroup section */

/* Begin PBXNativeTarget section */
		0337168A20D92B5500855E20 /* MachOBrowserTests */ = {
			isa = PBXNativeTarget;
			buildConfigurationList = 0337169420D92B5500855E20 /* Build configuration list for PBXNativeTarget "MachOBrowserTests" */;
			buildPhases = (
				0337168720D92B5500855E20 /* Sources */,
				0337168820D92B5500855E20 /* Frameworks */,
				0337168920D92B5500855E20 /* Resources */,
			);
			buildRules = (
			);
			dependencies = (
				0337169120D92B5500855E20 /* PBXTargetDependency */,
			);
			name = MachOBrowserTests;
			productName = MachOBrowserTests;
			productReference = 0337168B20D92B5500855E20 /* MachOBrowserTests.xctest */;
			productType = "com.apple.product-type.bundle.unit-test";
		};
		8D15AC270486D014006FF6A4 /* Mach-O Browser */ = {
			isa = PBXNativeTarget;
			buildConfigurationList = C05733C708A9546B00998B17 /* Build configuration list for PBXNativeTarget "Mach-O Browser" */;
			buildPhases = (
				8D15AC2B0486D014006FF6A4 /* Resources */,
				8D15AC300486D014006FF6A4 /* Sources */,
				8D15AC330486D014006FF6A4 /* Frameworks */,
			);
			buildRules = (
			);
			dependencies = (
			);
			name = "Mach-O Browser";
			productInstallPath = "$(HOME)/Applications";
			productName = "Mach-O Browser";
			productReference = 8D15AC370486D014006FF6A4 /* Mach-O Browser.app */;
			productType = "com.apple.product-type.application";
		};
/* End PBXNativeTarget section */

/* Begin PBXProject section */
		2A37F4A9FDCFA73011CA2CEA /* Project object */ = {
			isa = PBXProject;
			attributes = {
				LastUpgradeCheck = 0940;
				TargetAttributes = {
					0337168A20D92B5500855E20 = {
						CreatedOnToolsVersion = 9.4.1;
						DevelopmentTeam = 9MWCHY26A8;
						ProvisioningStyle = Automatic;
						TestTargetID = 8D15AC270486D014006FF6A4;
					};
				};
			};
			buildConfigurationList = C05733CB08A9546B00998B17 /* Build configuration list for PBXProject "Mach-O Browser" */;
			compatibilityVersion = "Xcode 3.2";
			developmentRegion = en;
			hasScannedForEncodings = 1;
			knownRegions = (
				en,
				Base,
			);
			mainGroup = 2A37F4AAFDCFA73011CA2CEA /* Mach-O Browser */;
			projectDirPath = "";
			projectRoot = "";
			targets = (
				8D15AC270486D014006FF6A4 /* Mach-O Browser */,
				0337168A20D92B5500855E20 /* MachOBrowserTests */,
			);
		};
/* End PBXProject section */

/* Begin PBXResourcesBuildPhase section */
		0337168920D92B5500855E20 /* Resources */ = {
			isa = PBXResourcesBuildPhase;
			buildActionMask = 2147483647;
			files = (
			);
			runOnlyForDeploymentPostprocessing = 0;
		};
		8D15AC2B0486D014006FF6A4 /* Resources */ = {
			isa = PBXResourcesBuildPhase;
			buildActionMask = 2147483647;
			files = (
				8D15AC2F0486D014006FF6A4 /* InfoPlist.strings in Resources */,
				6338E04C18066C47005A3263 /* HexDumpView.xib in Resources */,
				032B87B520D46BCF000200B7 /* README.md in Resources */,
				1DDD582D0DA1D0D100B32029 /* MainMenu.xib in Resources */,
				63E8C87710990BDA001EA96D /* MachOWindow.xib in Resources */,
				638A4BA2109AC16B00DE619A /* SimpleListView.xib in Resources */,
				63232CBE109D0C850011A93E /* SymbolTableView.xib in Resources */,
				636E5DDB10A27A130061B1E7 /* SegmentView.xib in Resources */,
				636EB3F110B39E4C00D014A0 /* Mach-O Browser Help in Resources */,
				6356E2F610B63BE600D45B60 /* gear.icns in Resources */,
			);
			runOnlyForDeploymentPostprocessing = 0;
		};
/* End PBXResourcesBuildPhase section */

/* Begin PBXSourcesBuildPhase section */
		0337168720D92B5500855E20 /* Sources */ = {
			isa = PBXSourcesBuildPhase;
			buildActionMask = 2147483647;
			files = (
				0337168E20D92B5500855E20 /* MachOBrowserTests.m in Sources */,
			);
			runOnlyForDeploymentPostprocessing = 0;
		};
		8D15AC300486D014006FF6A4 /* Sources */ = {
			isa = PBXSourcesBuildPhase;
			buildActionMask = 2147483647;
			files = (
				8D15AC310486D014006FF6A4 /* MachODocument.m in Sources */,
				8D15AC320486D014006FF6A4 /* main.m in Sources */,
				63E8C87C10990CD7001EA96D /* MachOWindowController.m in Sources */,
				6338E04B18066C47005A3263 /* HexDumpViewController.m in Sources */,
				63E8C8F6109911BB001EA96D /* MachObject.m in Sources */,
				63E8CA3D109993B1001EA96D /* LoadCommand.m in Sources */,
				63232CC1109D0CBA0011A93E /* SymbolTableViewController.m in Sources */,
				63232CCF109D112A0011A93E /* SegmentLoadCommand.m in Sources */,
				63232CF2109D13DD0011A93E /* Section.m in Sources */,
				636E5E6310A2AEE30061B1E7 /* HexFormatter.m in Sources */,
				636E5E7C10A2B0280061B1E7 /* SegmentViewController.m in Sources */,
				636E5F0810A2E1670061B1E7 /* AlignmentFormatter.m in Sources */,
				636E5F6E10A3AE9C0061B1E7 /* SymbolTableLoadCommand.m in Sources */,
				636E5FCD10A3CDD00061B1E7 /* Symbol.m in Sources */,
				63F09E0710F0540800445353 /* ErrorColorValueTransformer.m in Sources */,
			);
			runOnlyForDeploymentPostprocessing = 0;
		};
/* End PBXSourcesBuildPhase section */

/* Begin PBXTargetDependency section */
		0337169120D92B5500855E20 /* PBXTargetDependency */ = {
			isa = PBXTargetDependency;
			target = 8D15AC270486D014006FF6A4 /* Mach-O Browser */;
			targetProxy = 0337169020D92B5500855E20 /* PBXContainerItemProxy */;
		};
/* End PBXTargetDependency section */

/* Begin PBXVariantGroup section */
		089C165FFE840EACC02AAC07 /* InfoPlist.strings */ = {
			isa = PBXVariantGroup;
			children = (
				03AD9EC722E1A36C0081F342 /* en */,
			);
			name = InfoPlist.strings;
			sourceTree = "<group>";
		};
		1DDD582A0DA1D0D100B32029 /* MainMenu.xib */ = {
			isa = PBXVariantGroup;
			children = (
				03AD9ED022E1A3760081F342 /* Base */,
			);
			name = MainMenu.xib;
			sourceTree = "<group>";
		};
		63232CBD109D0C850011A93E /* SymbolTableView.xib */ = {
			isa = PBXVariantGroup;
			children = (
				03AD9ED222E1A3760081F342 /* Base */,
			);
			name = SymbolTableView.xib;
			sourceTree = "<group>";
		};
		636E5DD910A27A130061B1E7 /* SegmentView.xib */ = {
			isa = PBXVariantGroup;
			children = (
				03AD9ECE22E1A3760081F342 /* Base */,
			);
			name = SegmentView.xib;
			sourceTree = "<group>";
		};
		636EB3E610B39E4C00D014A0 /* Mach-O Browser Help */ = {
			isa = PBXVariantGroup;
			children = (
				03AD9EC822E1A36D0081F342 /* en */,
			);
			name = "Mach-O Browser Help";
			sourceTree = "<group>";
		};
		638A4BA1109AC16B00DE619A /* SimpleListView.xib */ = {
			isa = PBXVariantGroup;
			children = (
				03AD9ED122E1A3760081F342 /* Base */,
			);
			name = SimpleListView.xib;
			sourceTree = "<group>";
		};
		63E8C87510990BDA001EA96D /* MachOWindow.xib */ = {
			isa = PBXVariantGroup;
			children = (
				03AD9ECF22E1A3760081F342 /* Base */,
			);
			name = MachOWindow.xib;
			sourceTree = "<group>";
		};
/* End PBXVariantGroup section */

/* Begin XCBuildConfiguration section */
		0337169220D92B5500855E20 /* Debug */ = {
			isa = XCBuildConfiguration;
			buildSettings = {
				ALWAYS_SEARCH_USER_PATHS = NO;
				BUNDLE_LOADER = "$(TEST_HOST)";
				CLANG_ANALYZER_NONNULL = YES;
				CLANG_ANALYZER_NUMBER_OBJECT_CONVERSION = YES_AGGRESSIVE;
				CLANG_CXX_LANGUAGE_STANDARD = "gnu++14";
				CLANG_CXX_LIBRARY = "libc++";
				CLANG_ENABLE_MODULES = YES;
				CLANG_ENABLE_OBJC_ARC = YES;
				CLANG_ENABLE_OBJC_WEAK = YES;
				CLANG_WARN_DIRECT_OBJC_ISA_USAGE = YES_ERROR;
				CLANG_WARN_DOCUMENTATION_COMMENTS = YES;
				CLANG_WARN_OBJC_ROOT_CLASS = YES_ERROR;
				CLANG_WARN_UNGUARDED_AVAILABILITY = YES_AGGRESSIVE;
				CODE_SIGN_IDENTITY = "Mac Developer";
				CODE_SIGN_STYLE = Automatic;
				COMBINE_HIDPI_IMAGES = YES;
				COPY_PHASE_STRIP = NO;
				DEBUG_INFORMATION_FORMAT = dwarf;
				DEVELOPMENT_TEAM = 9MWCHY26A8;
				GCC_C_LANGUAGE_STANDARD = gnu11;
				GCC_DYNAMIC_NO_PIC = NO;
				GCC_PREPROCESSOR_DEFINITIONS = (
					"DEBUG=1",
					"$(inherited)",
				);
				GCC_WARN_ABOUT_RETURN_TYPE = YES_ERROR;
				GCC_WARN_UNINITIALIZED_AUTOS = YES_AGGRESSIVE;
				INFOPLIST_FILE = MachOBrowserTests/Info.plist;
				LD_RUNPATH_SEARCH_PATHS = "$(inherited) @executable_path/../Frameworks @loader_path/../Frameworks";
				MACOSX_DEPLOYMENT_TARGET = 10.13;
				MTL_ENABLE_DEBUG_INFO = YES;
				PRODUCT_BUNDLE_IDENTIFIER = com.typista.MachOBrowserTests;
				PRODUCT_NAME = "$(TARGET_NAME)";
				TEST_HOST = "$(BUILT_PRODUCTS_DIR)/Mach-O Browser.app/Contents/MacOS/Mach-O Browser";
			};
			name = Debug;
		};
		0337169320D92B5500855E20 /* Release */ = {
			isa = XCBuildConfiguration;
			buildSettings = {
				ALWAYS_SEARCH_USER_PATHS = NO;
				BUNDLE_LOADER = "$(TEST_HOST)";
				CLANG_ANALYZER_NONNULL = YES;
				CLANG_ANALYZER_NUMBER_OBJECT_CONVERSION = YES_AGGRESSIVE;
				CLANG_CXX_LANGUAGE_STANDARD = "gnu++14";
				CLANG_CXX_LIBRARY = "libc++";
				CLANG_ENABLE_MODULES = YES;
				CLANG_ENABLE_OBJC_ARC = YES;
				CLANG_ENABLE_OBJC_WEAK = YES;
				CLANG_WARN_DIRECT_OBJC_ISA_USAGE = YES_ERROR;
				CLANG_WARN_DOCUMENTATION_COMMENTS = YES;
				CLANG_WARN_OBJC_ROOT_CLASS = YES_ERROR;
				CLANG_WARN_UNGUARDED_AVAILABILITY = YES_AGGRESSIVE;
				CODE_SIGN_IDENTITY = "Mac Developer";
				CODE_SIGN_STYLE = Automatic;
				COMBINE_HIDPI_IMAGES = YES;
				COPY_PHASE_STRIP = NO;
				DEBUG_INFORMATION_FORMAT = "dwarf-with-dsym";
				DEVELOPMENT_TEAM = 9MWCHY26A8;
				ENABLE_NS_ASSERTIONS = NO;
				GCC_C_LANGUAGE_STANDARD = gnu11;
				GCC_WARN_ABOUT_RETURN_TYPE = YES_ERROR;
				GCC_WARN_UNINITIALIZED_AUTOS = YES_AGGRESSIVE;
				INFOPLIST_FILE = MachOBrowserTests/Info.plist;
				LD_RUNPATH_SEARCH_PATHS = "$(inherited) @executable_path/../Frameworks @loader_path/../Frameworks";
				MACOSX_DEPLOYMENT_TARGET = 10.13;
				MTL_ENABLE_DEBUG_INFO = NO;
				PRODUCT_BUNDLE_IDENTIFIER = com.typista.MachOBrowserTests;
				PRODUCT_NAME = "$(TARGET_NAME)";
				TEST_HOST = "$(BUILT_PRODUCTS_DIR)/Mach-O Browser.app/Contents/MacOS/Mach-O Browser";
			};
			name = Release;
		};
		C05733C808A9546B00998B17 /* Debug */ = {
			isa = XCBuildConfiguration;
			buildSettings = {
				ALWAYS_SEARCH_USER_PATHS = NO;
				CLANG_ENABLE_OBJC_ARC = YES;
				COMBINE_HIDPI_IMAGES = YES;
				COPY_PHASE_STRIP = NO;
				CURRENT_PROJECT_VERSION = "";
				GCC_DYNAMIC_NO_PIC = NO;
				GCC_MODEL_TUNING = G5;
				GCC_OPTIMIZATION_LEVEL = 0;
				GCC_PRECOMPILE_PREFIX_HEADER = YES;
				GCC_PREFIX_HEADER = MachOBrowser/Mach_O_Browser_Prefix.pch;
				INFOPLIST_FILE = "MachOBrowser/Mach_O_Browser-Info.plist";
				INSTALL_PATH = "$(HOME)/Applications";
				PRODUCT_BUNDLE_IDENTIFIER = "net.synchroma.${PRODUCT_NAME:rfc1034identifier}";
				PRODUCT_NAME = "Mach-O Browser";
				VERSIONING_SYSTEM = "";
			};
			name = Debug;
		};
		C05733C908A9546B00998B17 /* Release */ = {
			isa = XCBuildConfiguration;
			buildSettings = {
				ALWAYS_SEARCH_USER_PATHS = NO;
				CLANG_ENABLE_OBJC_ARC = YES;
				COMBINE_HIDPI_IMAGES = YES;
				CURRENT_PROJECT_VERSION = "";
				DEBUG_INFORMATION_FORMAT = "dwarf-with-dsym";
				GCC_MODEL_TUNING = G5;
				GCC_PRECOMPILE_PREFIX_HEADER = YES;
				GCC_PREFIX_HEADER = MachOBrowser/Mach_O_Browser_Prefix.pch;
				INFOPLIST_FILE = "MachOBrowser/Mach_O_Browser-Info.plist";
				INSTALL_PATH = "$(HOME)/Applications";
				PRODUCT_BUNDLE_IDENTIFIER = "net.synchroma.${PRODUCT_NAME:rfc1034identifier}";
				PRODUCT_NAME = "Mach-O Browser";
				VERSIONING_SYSTEM = "";
			};
			name = Release;
		};
		C05733CC08A9546B00998B17 /* Debug */ = {
			isa = XCBuildConfiguration;
			buildSettings = {
				CLANG_WARN_BLOCK_CAPTURE_AUTORELEASING = YES;
				CLANG_WARN_BOOL_CONVERSION = YES;
				CLANG_WARN_COMMA = YES;
				CLANG_WARN_CONSTANT_CONVERSION = YES;
				CLANG_WARN_DEPRECATED_OBJC_IMPLEMENTATIONS = YES;
				CLANG_WARN_EMPTY_BODY = YES;
				CLANG_WARN_ENUM_CONVERSION = YES;
				CLANG_WARN_INFINITE_RECURSION = YES;
				CLANG_WARN_INT_CONVERSION = YES;
				CLANG_WARN_NON_LITERAL_NULL_CONVERSION = YES;
				CLANG_WARN_OBJC_IMPLICIT_RETAIN_SELF = YES;
				CLANG_WARN_OBJC_LITERAL_CONVERSION = YES;
				CLANG_WARN_RANGE_LOOP_ANALYSIS = YES;
				CLANG_WARN_STRICT_PROTOTYPES = YES;
				CLANG_WARN_SUSPICIOUS_MOVE = YES;
				CLANG_WARN_UNREACHABLE_CODE = YES;
				CLANG_WARN__DUPLICATE_METHOD_MATCH = YES;
				ENABLE_STRICT_OBJC_MSGSEND = YES;
				ENABLE_TESTABILITY = YES;
				GCC_C_LANGUAGE_STANDARD = gnu99;
				GCC_NO_COMMON_BLOCKS = YES;
				GCC_OPTIMIZATION_LEVEL = 0;
				GCC_WARN_64_TO_32_BIT_CONVERSION = YES;
				GCC_WARN_ABOUT_RETURN_TYPE = YES;
				GCC_WARN_UNDECLARED_SELECTOR = YES;
				GCC_WARN_UNINITIALIZED_AUTOS = YES;
				GCC_WARN_UNUSED_FUNCTION = YES;
				GCC_WARN_UNUSED_VARIABLE = YES;
				ONLY_ACTIVE_ARCH = YES;
				SDKROOT = macosx;
			};
			name = Debug;
		};
		C05733CD08A9546B00998B17 /* Release */ = {
			isa = XCBuildConfiguration;
			buildSettings = {
				CLANG_WARN_BLOCK_CAPTURE_AUTORELEASING = YES;
				CLANG_WARN_BOOL_CONVERSION = YES;
				CLANG_WARN_COMMA = YES;
				CLANG_WARN_CONSTANT_CONVERSION = YES;
				CLANG_WARN_DEPRECATED_OBJC_IMPLEMENTATIONS = YES;
				CLANG_WARN_EMPTY_BODY = YES;
				CLANG_WARN_ENUM_CONVERSION = YES;
				CLANG_WARN_INFINITE_RECURSION = YES;
				CLANG_WARN_INT_CONVERSION = YES;
				CLANG_WARN_NON_LITERAL_NULL_CONVERSION = YES;
				CLANG_WARN_OBJC_IMPLICIT_RETAIN_SELF = YES;
				CLANG_WARN_OBJC_LITERAL_CONVERSION = YES;
				CLANG_WARN_RANGE_LOOP_ANALYSIS = YES;
				CLANG_WARN_STRICT_PROTOTYPES = YES;
				CLANG_WARN_SUSPICIOUS_MOVE = YES;
				CLANG_WARN_UNREACHABLE_CODE = YES;
				CLANG_WARN__DUPLICATE_METHOD_MATCH = YES;
				ENABLE_STRICT_OBJC_MSGSEND = YES;
				GCC_C_LANGUAGE_STANDARD = gnu99;
				GCC_NO_COMMON_BLOCKS = YES;
				GCC_WARN_64_TO_32_BIT_CONVERSION = YES;
				GCC_WARN_ABOUT_RETURN_TYPE = YES;
				GCC_WARN_UNDECLARED_SELECTOR = YES;
				GCC_WARN_UNINITIALIZED_AUTOS = YES;
				GCC_WARN_UNUSED_FUNCTION = YES;
				GCC_WARN_UNUSED_VARIABLE = YES;
				SDKROOT = macosx;
			};
			name = Release;
		};
/* End XCBuildConfiguration section */

/* Begin XCConfigurationList section */
		0337169420D92B5500855E20 /* Build configuration list for PBXNativeTarget "MachOBrowserTests" */ = {
			isa = XCConfigurationList;
			buildConfigurations = (
				0337169220D92B5500855E20 /* Debug */,
				0337169320D92B5500855E20 /* Release */,
			);
			defaultConfigurationIsVisible = 0;
			defaultConfigurationName = Release;
		};
		C05733C708A9546B00998B17 /* Build configuration list for PBXNativeTarget "Mach-O Browser" */ = {
			isa = XCConfigurationList;
			buildConfigurations = (
				C05733C808A9546B00998B17 /* Debug */,
				C05733C908A9546B00998B17 /* Release */,
			);
			defaultConfigurationIsVisible = 0;
			defaultConfigurationName = Release;
		};
		C05733CB08A9546B00998B17 /* Build configuration list for PBXProject "Mach-O Browser" */ = {
			isa = XCConfigurationList;
			buildConfigurations = (
				C05733CC08A9546B00998B17 /* Debug */,
				C05733CD08A9546B00998B17 /* Release */,
			);
			defaultConfigurationIsVisible = 0;
			defaultConfigurationName = Release;
		};
/* End XCConfigurationList section */
	};
	rootObject = 2A37F4A9FDCFA73011CA2CEA /* Project object */;
}
